
Microsoft Visual Studio Solution File, Format Version 12.00
# Visual Studio Version 17
VisualStudioVersion = 17.11.35222.181
MinimumVisualStudioVersion = 10.0.40219.1
Project("{FAE04EC0-301F-11D3-BF4B-00C04F79EFBC}") = "Loc", "Loc\Loc.csproj", "{4AD75622-03C1-456F-9D2C-199704F050F0}"
EndProject
Global
	GlobalSection(SolutionConfigurationPlatforms) = preSolution
		Debug|Any CPU = Debug|Any CPU
		Release|Any CPU = Release|Any CPU
	EndGlobalSection
	GlobalSection(ProjectConfigurationPlatforms) = postSolution
		{4AD75622-03C1-456F-9D2C-199704F050F0}.Debug|Any CPU.ActiveCfg = Debug|Any CPU
		{4AD75622-03C1-456F-9D2C-199704F050F0}.Debug|Any CPU.Build.0 = Debug|Any CPU
		{4AD75622-03C1-456F-9D2C-199704F050F0}.Release|Any CPU.ActiveCfg = Release|Any CPU
		{4AD75622-03C1-456F-9D2C-199704F050F0}.Release|Any CPU.Build.0 = Release|Any CPU
	EndGlobalSection
	GlobalSection(SolutionProperties) = preSolution
		HideSolutionNode = FALSE
	EndGlobalSection
	GlobalSection(ExtensibilityGlobals) = postSolution
		SolutionGuid = {37CF3349-98E5-42DD-86AD-8A1B7D789D69}
	EndGlobalSection
EndGlobal
